
Microsoft Visual Studio Solution File, Format Version 12.00
# Visual Studio Version 16
VisualStudioVersion = 16.0.29509.3
MinimumVisualStudioVersion = 10.0.40219.1
Project("{8BC9CEB8-8B4A-11D0-8D11-00A0C91BC942}") = "Cube", "Cube\Cube.vcxproj", "{6953911A-2F6D-402C-8062-E1B70A805316}"
EndProject
Project("{8BC9CEB8-8B4A-11D0-8D11-00A0C91BC942}") = "Common", "Common\Common.vcxproj", "{FCEF3D12-D76D-4771-9C24-CA675B1CA9A8}"
EndProject
Global
	GlobalSection(SolutionConfigurationPlatforms) = preSolution
		Debug|x64 = Debug|x64
		Release|x64 = Release|x64
	EndGlobalSection
	GlobalSection(ProjectConfigurationPlatforms) = postSolution
		{6953911A-2F6D-402C-8062-E1B70A805316}.Debug|x64.ActiveCfg = Debug|x64
		{6953911A-2F6D-402C-8062-E1B70A805316}.Debug|x64.Build.0 = Debug|x64
		{6953911A-2F6D-402C-8062-E1B70A805316}.Release|x64.ActiveCfg = Release|x64
		{6953911A-2F6D-402C-8062-E1B70A805316}.Release|x64.Build.0 = Release|x64
		{FCEF3D12-D76D-4771-9C24-CA675B1CA9A8}.Debug|x64.ActiveCfg = Debug|x64
		{FCEF3D12-D76D-4771-9C24-CA675B1CA9A8}.Debug|x64.Build.0 = Debug|x64
		{FCEF3D12-D76D-4771-9C24-CA675B1CA9A8}.Release|x64.ActiveCfg = Release|x64
		{FCEF3D12-D76D-4771-9C24-CA675B1CA9A8}.Release|x64.Build.0 = Release|x64
	EndGlobalSection
	GlobalSection(SolutionProperties) = preSolution
		HideSolutionNode = FALSE
	EndGlobalSection
	GlobalSection(ExtensibilityGlobals) = postSolution
		SolutionGuid = {AA82E52B-BED2-488D-86FE-EDCDD5D2F7DA}
	EndGlobalSection
EndGlobal
