<?xml version="1.0" encoding="utf-8"?>
<Project ToolsVersion="4.0" xmlns="http://schemas.microsoft.com/developer/msbuild/2003">
  <ItemGroup>
    <Filter Include="Source Files">
      <UniqueIdentifier>{4FC737F1-C7A5-4376-A066-2A32D752A2FF}</UniqueIdentifier>
      <Extensions>cpp;c;cc;cxx;def;odl;idl;hpj;bat;asm;asmx</Extensions>
    </Filter>
    <Filter Include="Header Files">
      <UniqueIdentifier>{93995380-89BD-4b04-88EB-625FBE52EBFB}</UniqueIdentifier>
      <Extensions>h;hh;hpp;hxx;hm;inl;inc;ipp;xsd</Extensions>
    </Filter>
    <Filter Include="Resource Files">
      <UniqueIdentifier>{67DA6AB6-F800-4c08-8B7A-83BB121AAD01}</UniqueIdentifier>
      <Extensions>rc;ico;cur;bmp;dlg;rc2;rct;bin;rgs;gif;jpg;jpeg;jpe;resx;tiff;tif;png;wav;mfcribbon-ms</Extensions>
    </Filter>
    <Filter Include="Source Files\shader_handling">
      <UniqueIdentifier>{a5a3a01f-33c1-42c0-ae6d-0feb7fc66f49}</UniqueIdentifier>
    </Filter>
    <Filter Include="Source Files\camera">
      <UniqueIdentifier>{7f345e42-0407-498f-ac37-d069225b0222}</UniqueIdentifier>
    </Filter>
    <Filter Include="Header Files\camera">
      <UniqueIdentifier>{e5e8b9a8-d0ff-422d-8860-b6e33cf4fe4a}</UniqueIdentifier>
    </Filter>
    <Filter Include="Header Files\shader_handling">
      <UniqueIdentifier>{d75f6536-baaa-4f19-9579-5757fbf60b2f}</UniqueIdentifier>
    </Filter>
    <Filter Include="Header Files\window">
      <UniqueIdentifier>{c0a21359-28dd-4ef9-b504-318c8d0049a1}</UniqueIdentifier>
    </Filter>
    <Filter Include="Source Files\window">
      <UniqueIdentifier>{fa423b16-cd54-4035-8749-178f629a3697}</UniqueIdentifier>
    </Filter>
    <Filter Include="Header Files\image_loading">
      <UniqueIdentifier>{eba73a57-5fda-4017-946c-a2973822e927}</UniqueIdentifier>
    </Filter>
    <Filter Include="Source Files\image_loading">
      <UniqueIdentifier>{af52cbb8-e223-42ad-bfd6-3b84b39d5141}</UniqueIdentifier>
    </Filter>
    <Filter Include="Header Files\model_handling">
      <UniqueIdentifier>{4cd09408-88e4-4e15-8fea-2143afb256c8}</UniqueIdentifier>
    </Filter>
    <Filter Include="Source Files\model_handling">
      <UniqueIdentifier>{4d2d1b72-fd84-4c24-b634-f3774b3c22fd}</UniqueIdentifier>
    </Filter>
    <Filter Include="Header Files\texture_handling">
      <UniqueIdentifier>{8dc6ead1-140f-42e9-9210-4b7ddb3330a1}</UniqueIdentifier>
    </Filter>
    <Filter Include="Source Files\texture_handling">
      <UniqueIdentifier>{71c3deeb-339f-4e99-92f6-be79e37ed68a}</UniqueIdentifier>
    </Filter>
    <Filter Include="Source Files\scene">
      <UniqueIdentifier>{dc3a0ad0-6162-4947-bdca-22b1a8c891f6}</UniqueIdentifier>
    </Filter>
    <Filter Include="Header Files\scene">
      <UniqueIdentifier>{1fdefe4c-6c01-4704-90ce-c462f7d34439}</UniqueIdentifier>
    </Filter>
    <Filter Include="Header Files\drawables">
      <UniqueIdentifier>{c477f449-20f6-4ce2-a4be-488bf7b13e0e}</UniqueIdentifier>
    </Filter>
    <Filter Include="Source Files\drawables">
      <UniqueIdentifier>{11168303-600c-4ec2-8e46-84887a4bff88}</UniqueIdentifier>
    </Filter>
  </ItemGroup>
  <ItemGroup>
    <ClCompile Include="..\_External\gl3w.c">
      <Filter>Source Files</Filter>
    </ClCompile>
    <ClCompile Include="src\camera\camera.cpp">
      <Filter>Source Files\camera</Filter>
    </ClCompile>
    <ClCompile Include="src\shader_handling\shader_modify.cpp">
      <Filter>Source Files\shader_handling</Filter>
    </ClCompile>
    <ClCompile Include="src\shader_handling\shader_set_up.cpp">
      <Filter>Source Files\shader_handling</Filter>
    </ClCompile>
    <ClCompile Include="src\window\window.cpp">
      <Filter>Source Files\window</Filter>
    </ClCompile>
    <ClCompile Include="src\image_loading\stb_image.cpp">
      <Filter>Source Files\image_loading</Filter>
    </ClCompile>
    <ClCompile Include="src\texture_handling\texture_loader.cpp">
      <Filter>Source Files\texture_handling</Filter>
    </ClCompile>
    <ClCompile Include="src\scene\showcase_base.cpp">
      <Filter>Source Files\scene</Filter>
    </ClCompile>
    <ClCompile Include="src\shader_handling\shader_program.cpp">
      <Filter>Source Files\shader_handling</Filter>
    </ClCompile>
    <ClCompile Include="src\drawables\skybox.cpp">
      <Filter>Source Files\drawables</Filter>
    </ClCompile>
    <ClCompile Include="src\model_handling\model_loader.cpp">
      <Filter>Source Files\model_handling</Filter>
    </ClCompile>
    <ClCompile Include="src\drawables\model.cpp">
      <Filter>Source Files\drawables</Filter>
    </ClCompile>
    <ClCompile Include="src\drawables\mesh.cpp">
      <Filter>Source Files\drawables</Filter>
    </ClCompile>
  </ItemGroup>
  <ItemGroup>
    <ClInclude Include="inc\camera\camera.h">
      <Filter>Header Files\camera</Filter>
    </ClInclude>
    <ClInclude Include="inc\shader_handling\shader_modify.h">
      <Filter>Header Files\shader_handling</Filter>
    </ClInclude>
    <ClInclude Include="inc\shader_handling\shader_set_up.h">
      <Filter>Header Files\shader_handling</Filter>
    </ClInclude>
    <ClInclude Include="inc\window\window.h">
      <Filter>Header Files\window</Filter>
    </ClInclude>
    <ClInclude Include="inc\image_loading\stb_image.h">
      <Filter>Header Files\image_loading</Filter>
    </ClInclude>
    <ClInclude Include="inc\texture_handling\texture_loader.h">
      <Filter>Header Files\texture_handling</Filter>
    </ClInclude>
    <ClInclude Include="inc\scene\abstract_showcase.h">
      <Filter>Header Files\scene</Filter>
    </ClInclude>
    <ClInclude Include="inc\scene\showcase_base.h">
      <Filter>Header Files\scene</Filter>
    </ClInclude>
    <ClInclude Include="inc\shader_handling\shader_program.h">
      <Filter>Header Files\shader_handling</Filter>
    </ClInclude>
    <ClInclude Include="inc\drawables\abstract_drawable.h">
      <Filter>Header Files\drawables</Filter>
    </ClInclude>
    <ClInclude Include="inc\drawables\skybox.h">
      <Filter>Header Files\drawables</Filter>
    </ClInclude>
    <ClInclude Include="inc\model_handling\model_loader.h">
      <Filter>Header Files\model_handling</Filter>
    </ClInclude>
    <ClInclude Include="inc\drawables\model.h">
      <Filter>Header Files\drawables</Filter>
    </ClInclude>
    <ClInclude Include="inc\drawables\mesh.h">
      <Filter>Header Files\drawables</Filter>
    </ClInclude>
  </ItemGroup>
</Project>